
Microsoft Visual Studio Solution File, Format Version 12.00
# Visual Studio Version 17
VisualStudioVersion = 17.4.33110.190
MinimumVisualStudioVersion = 10.0.40219.1
Project("{FAE04EC0-301F-11D3-BF4B-00C04F79EFBC}") = "odev5", "odev5\odev5.csproj", "{BB04A48E-87CC-492D-A5CD-246959422B60}"
EndProject
Global
	GlobalSection(SolutionConfigurationPlatforms) = preSolution
		Debug|Any CPU = Debug|Any CPU
		Release|Any CPU = Release|Any CPU
	EndGlobalSection
	GlobalSection(ProjectConfigurationPlatforms) = postSolution
		{BB04A48E-87CC-492D-A5CD-246959422B60}.Debug|Any CPU.ActiveCfg = Debug|Any CPU
		{BB04A48E-87CC-492D-A5CD-246959422B60}.Debug|Any CPU.Build.0 = Debug|Any CPU
		{BB04A48E-87CC-492D-A5CD-246959422B60}.Release|Any CPU.ActiveCfg = Release|Any CPU
		{BB04A48E-87CC-492D-A5CD-246959422B60}.Release|Any CPU.Build.0 = Release|Any CPU
	EndGlobalSection
	GlobalSection(SolutionProperties) = preSolution
		HideSolutionNode = FALSE
	EndGlobalSection
	GlobalSection(ExtensibilityGlobals) = postSolution
		SolutionGuid = {A45B0240-F6C0-4AA5-A153-20F6B713C1F1}
	EndGlobalSection
EndGlobal
